# THIS IS AN AUTOGENERATED FILE. DO NOT EDIT THIS FILE DIRECTLY.
# yarn lockfile v1


"@dabh/diagnostics@^2.0.2":
  version "2.0.2"
  resolved "https://registry.npm.taobao.org/@dabh/diagnostics/download/@dabh/diagnostics-2.0.2.tgz#290d08f7b381b8f94607dc8f471a12c675f9db31"
  integrity sha1-KQ0I97OBuPlGB9yPRxoSxnX52zE=
  dependencies:
    colorspace "1.1.x"
    enabled "2.0.x"
    kuler "^2.0.0"

ajv@^6.12.2, ajv@^6.12.3:
  version "6.12.6"
  resolved "https://registry.npm.taobao.org/ajv/download/ajv-6.12.6.tgz?cache=0&sync_timestamp=1603561547443&other_urls=https%3A%2F%2Fregistry.npm.taobao.org%2Fajv%2Fdownload%2Fajv-6.12.6.tgz#baf5a62e802b07d977034586f8c3baf5adf26df4"
  integrity sha1-uvWmLoArB9l3A0WG+MO69a3ybfQ=
  dependencies:
    fast-deep-equal "^3.1.1"
    fast-json-stable-stringify "^2.0.0"
    json-schema-traverse "^0.4.1"
    uri-js "^4.2.2"

ansi-regex@^5.0.0:
  version "5.0.0"
  resolved "https://registry.npm.taobao.org/ansi-regex/download/ansi-regex-5.0.0.tgz#388539f55179bf39339c81af30a654d69f87cb75"
  integrity sha1-OIU59VF5vzkznIGvMKZU1p+Hy3U=

ansi-styles@^4.0.0, ansi-styles@^4.1.0:
  version "4.3.0"
  resolved "https://registry.npm.taobao.org/ansi-styles/download/ansi-styles-4.3.0.tgz?cache=0&sync_timestamp=1601839122515&other_urls=https%3A%2F%2Fregistry.npm.taobao.org%2Fansi-styles%2Fdownload%2Fansi-styles-4.3.0.tgz#edd803628ae71c04c85ae7a0906edad34b648937"
  integrity sha1-7dgDYornHATIWuegkG7a00tkiTc=
  dependencies:
    color-convert "^2.0.1"

asn1@~0.2.3:
  version "0.2.4"
  resolved "https://registry.npm.taobao.org/asn1/download/asn1-0.2.4.tgz#8d2475dfab553bb33e77b54e59e880bb8ce23136"
  integrity sha1-jSR136tVO7M+d7VOWeiAu4ziMTY=
  dependencies:
    safer-buffer "~2.1.0"

assert-plus@1.0.0, assert-plus@^1.0.0:
  version "1.0.0"
  resolved "https://registry.npm.taobao.org/assert-plus/download/assert-plus-1.0.0.tgz#f12e0f3c5d77b0b1cdd9146942e4e96c1e4dd525"
  integrity sha1-8S4PPF13sLHN2RRpQuTpbB5N1SU=

async@^3.1.0:
  version "3.2.0"
  resolved "https://registry.npm.taobao.org/async/download/async-3.2.0.tgz#b3a2685c5ebb641d3de02d161002c60fc9f85720"
  integrity sha1-s6JoXF67ZB094C0WEALGD8n4VyA=

asynckit@^0.4.0:
  version "0.4.0"
  resolved "https://registry.npm.taobao.org/asynckit/download/asynckit-0.4.0.tgz#c79ed97f7f34cb8f2ba1bc9790bcc366474b4b79"
  integrity sha1-x57Zf380y48robyXkLzDZkdLS3k=

atomically@^1.3.1:
  version "1.6.0"
  resolved "https://registry.npm.taobao.org/atomically/download/atomically-1.6.0.tgz?cache=0&sync_timestamp=1603198452406&other_urls=https%3A%2F%2Fregistry.npm.taobao.org%2Fatomically%2Fdownload%2Fatomically-1.6.0.tgz#d8d47f99834dbb88bd6266cc69a1447e2f3675ec"
  integrity sha1-2NR/mYNNu4i9YmbMaaFEfi82dew=

aws-sign2@~0.7.0:
  version "0.7.0"
  resolved "https://registry.npm.taobao.org/aws-sign2/download/aws-sign2-0.7.0.tgz?cache=0&sync_timestamp=1589682812085&other_urls=https%3A%2F%2Fregistry.npm.taobao.org%2Faws-sign2%2Fdownload%2Faws-sign2-0.7.0.tgz#b46e890934a9591f2d2f6f86d7e6a9f1b3fe76a8"
  integrity sha1-tG6JCTSpWR8tL2+G1+ap8bP+dqg=

aws4@^1.8.0:
  version "1.10.1"
  resolved "https://registry.npm.taobao.org/aws4/download/aws4-1.10.1.tgz?cache=0&sync_timestamp=1597236947743&other_urls=https%3A%2F%2Fregistry.npm.taobao.org%2Faws4%2Fdownload%2Faws4-1.10.1.tgz#e1e82e4f3e999e2cfd61b161280d16a111f86428"
  integrity sha1-4eguTz6Zniz9YbFhKA0WoRH4ZCg=

axios@^0.20.0:
  version "0.20.0"
  resolved "https://registry.npm.taobao.org/axios/download/axios-0.20.0.tgz#057ba30f04884694993a8cd07fa394cff11c50bd"
  integrity sha1-BXujDwSIRpSZOozQf6OUz/EcUL0=
  dependencies:
    follow-redirects "^1.10.0"

bcrypt-pbkdf@^1.0.0:
  version "1.0.2"
  resolved "https://registry.npm.taobao.org/bcrypt-pbkdf/download/bcrypt-pbkdf-1.0.2.tgz#a4301d389b6a43f9b67ff3ca11a3f6637e360e9e"
  integrity sha1-pDAdOJtqQ/m2f/PKEaP2Y342Dp4=
  dependencies:
    tweetnacl "^0.14.3"

bluebird@^3.7.2:
  version "3.7.2"
  resolved "https://registry.yarnpkg.com/bluebird/-/bluebird-3.7.2.tgz#9f229c15be272454ffa973ace0dbee79a1b0c36f"
  integrity sha512-XpNj6GDQzdfW+r2Wnn7xiSAd7TM3jzkxGXBGTtWKuSXv1xUV+azxAm8jdWZN06QTQk+2N2XB9jRDkvbmQmcRtg==

caseless@~0.12.0:
  version "0.12.0"
  resolved "https://registry.npm.taobao.org/caseless/download/caseless-0.12.0.tgz#1b681c21ff84033c826543090689420d187151dc"
  integrity sha1-G2gcIf+EAzyCZUMJBolCDRhxUdw=

chalk@^4.1.0:
  version "4.1.0"
  resolved "https://registry.npm.taobao.org/chalk/download/chalk-4.1.0.tgz#4e14870a618d9e2edd97dd8345fd9d9dc315646a"
  integrity sha1-ThSHCmGNni7dl92DRf2dncMVZGo=
  dependencies:
    ansi-styles "^4.1.0"
    supports-color "^7.1.0"

cliui@^7.0.2:
  version "7.0.3"
  resolved "https://registry.npm.taobao.org/cliui/download/cliui-7.0.3.tgz?cache=0&sync_timestamp=1602861367442&other_urls=https%3A%2F%2Fregistry.npm.taobao.org%2Fcliui%2Fdownload%2Fcliui-7.0.3.tgz#ef180f26c8d9bff3927ee52428bfec2090427981"
  integrity sha1-7xgPJsjZv/OSfuUkKL/sIJBCeYE=
  dependencies:
    string-width "^4.2.0"
    strip-ansi "^6.0.0"
    wrap-ansi "^7.0.0"

color-convert@^1.9.1:
  version "1.9.3"
  resolved "https://registry.npm.taobao.org/color-convert/download/color-convert-1.9.3.tgz#bb71850690e1f136567de629d2d5471deda4c1e8"
  integrity sha1-u3GFBpDh8TZWfeYp0tVHHe2kweg=
  dependencies:
    color-name "1.1.3"

color-convert@^2.0.1:
  version "2.0.1"
  resolved "https://registry.npm.taobao.org/color-convert/download/color-convert-2.0.1.tgz#72d3a68d598c9bdb3af2ad1e84f21d896abd4de3"
  integrity sha1-ctOmjVmMm9s68q0ehPIdiWq9TeM=
  dependencies:
    color-name "~1.1.4"

color-name@1.1.3:
  version "1.1.3"
  resolved "https://registry.npm.taobao.org/color-name/download/color-name-1.1.3.tgz#a7d0558bd89c42f795dd42328f740831ca53bc25"
  integrity sha1-p9BVi9icQveV3UIyj3QIMcpTvCU=

color-name@^1.0.0, color-name@~1.1.4:
  version "1.1.4"
  resolved "https://registry.npm.taobao.org/color-name/download/color-name-1.1.4.tgz#c2a09a87acbde69543de6f63fa3995c826c536a2"
  integrity sha1-wqCah6y95pVD3m9j+jmVyCbFNqI=

color-string@^1.5.2:
  version "1.5.4"
  resolved "https://registry.npm.taobao.org/color-string/download/color-string-1.5.4.tgz?cache=0&sync_timestamp=1602228106182&other_urls=https%3A%2F%2Fregistry.npm.taobao.org%2Fcolor-string%2Fdownload%2Fcolor-string-1.5.4.tgz#dd51cd25cfee953d138fe4002372cc3d0e504cb6"
  integrity sha1-3VHNJc/ulT0Tj+QAI3LMPQ5QTLY=
  dependencies:
    color-name "^1.0.0"
    simple-swizzle "^0.2.2"

color@3.0.x:
  version "3.0.0"
  resolved "https://registry.npm.taobao.org/color/download/color-3.0.0.tgz?cache=0&sync_timestamp=1602228883047&other_urls=https%3A%2F%2Fregistry.npm.taobao.org%2Fcolor%2Fdownload%2Fcolor-3.0.0.tgz#d920b4328d534a3ac8295d68f7bd4ba6c427be9a"
  integrity sha1-2SC0Mo1TSjrIKV1o971LpsQnvpo=
  dependencies:
    color-convert "^1.9.1"
    color-string "^1.5.2"

colors@^1.2.1:
  version "1.4.0"
  resolved "https://registry.npm.taobao.org/colors/download/colors-1.4.0.tgz#c50491479d4c1bdaed2c9ced32cf7c7dc2360f78"
  integrity sha1-xQSRR51MG9rtLJztMs98fcI2D3g=

colorspace@1.1.x:
  version "1.1.2"
  resolved "https://registry.npm.taobao.org/colorspace/download/colorspace-1.1.2.tgz#e0128950d082b86a2168580796a0aa5d6c68d8c5"
  integrity sha1-4BKJUNCCuGohaFgHlqCqXWxo2MU=
  dependencies:
    color "3.0.x"
    text-hex "1.0.x"

combined-stream@^1.0.6, combined-stream@^1.0.8, combined-stream@~1.0.6:
  version "1.0.8"
  resolved "https://registry.npm.taobao.org/combined-stream/download/combined-stream-1.0.8.tgz#c3d45a8b34fd730631a110a8a2520682b31d5a7f"
  integrity sha1-w9RaizT9cwYxoRCoolIGgrMdWn8=
  dependencies:
    delayed-stream "~1.0.0"

conf@^7.1.2:
  version "7.1.2"
  resolved "https://registry.npm.taobao.org/conf/download/conf-7.1.2.tgz#d9678a9d8f04de8bf5cd475105da8fdae49c2ec4"
  integrity sha1-2WeKnY8E3ov1zUdRBdqP2uScLsQ=
  dependencies:
    ajv "^6.12.2"
    atomically "^1.3.1"
    debounce-fn "^4.0.0"
    dot-prop "^5.2.0"
    env-paths "^2.2.0"
    json-schema-typed "^7.0.3"
    make-dir "^3.1.0"
    onetime "^5.1.0"
    pkg-up "^3.1.0"
    semver "^7.3.2"

core-util-is@1.0.2, core-util-is@~1.0.0:
  version "1.0.2"
  resolved "https://registry.npm.taobao.org/core-util-is/download/core-util-is-1.0.2.tgz#b5fd54220aa2bc5ab57aab7140c940754503c1a7"
  integrity sha1-tf1UIgqivFq1eqtxQMlAdUUDwac=

cos-nodejs-sdk-v5@^2.8.2:
  version "2.8.2"
  resolved "https://registry.npm.taobao.org/cos-nodejs-sdk-v5/download/cos-nodejs-sdk-v5-2.8.2.tgz#3ccb5bc872fe22b1952e600e2879fb5ef513e209"
  integrity sha1-PMtbyHL+IrGVLmAOKHn7XvUT4gk=
  dependencies:
    conf "^7.1.2"
    mime-types "^2.1.24"
    request "^2.88.0"
    xml2js "^0.4.19"

dashdash@^1.12.0:
  version "1.14.1"
  resolved "https://registry.npm.taobao.org/dashdash/download/dashdash-1.14.1.tgz?cache=0&sync_timestamp=1601073454623&other_urls=https%3A%2F%2Fregistry.npm.taobao.org%2Fdashdash%2Fdownload%2Fdashdash-1.14.1.tgz#853cfa0f7cbe2fed5de20326b8dd581035f6e2f0"
  integrity sha1-hTz6D3y+L+1d4gMmuN1YEDX24vA=
  dependencies:
    assert-plus "^1.0.0"

debounce-fn@^4.0.0:
  version "4.0.0"
  resolved "https://registry.npm.taobao.org/debounce-fn/download/debounce-fn-4.0.0.tgz#ed76d206d8a50e60de0dd66d494d82835ffe61c7"
  integrity sha1-7XbSBtilDmDeDdZtSU2Cg1/+Ycc=
  dependencies:
    mimic-fn "^3.0.0"

delayed-stream@~1.0.0:
  version "1.0.0"
  resolved "https://registry.npm.taobao.org/delayed-stream/download/delayed-stream-1.0.0.tgz#df3ae199acadfb7d440aaae0b29e2272b24ec619"
  integrity sha1-3zrhmayt+31ECqrgsp4icrJOxhk=

dot-prop@^5.2.0:
  version "5.3.0"
  resolved "https://registry.npm.taobao.org/dot-prop/download/dot-prop-5.3.0.tgz#90ccce708cd9cd82cc4dc8c3ddd9abdd55b20e88"
  integrity sha1-kMzOcIzZzYLMTcjD3dmr3VWyDog=
  dependencies:
    is-obj "^2.0.0"

ecc-jsbn@~0.1.1:
  version "0.1.2"
  resolved "https://registry.npm.taobao.org/ecc-jsbn/download/ecc-jsbn-0.1.2.tgz?cache=0&sync_timestamp=1589682745945&other_urls=https%3A%2F%2Fregistry.npm.taobao.org%2Fecc-jsbn%2Fdownload%2Fecc-jsbn-0.1.2.tgz#3a83a904e54353287874c564b7549386849a98c9"
  integrity sha1-OoOpBOVDUyh4dMVkt1SThoSamMk=
  dependencies:
    jsbn "~0.1.0"
    safer-buffer "^2.1.0"

emoji-regex@^8.0.0:
  version "8.0.0"
  resolved "https://registry.npm.taobao.org/emoji-regex/download/emoji-regex-8.0.0.tgz?cache=0&sync_timestamp=1603212180491&other_urls=https%3A%2F%2Fregistry.npm.taobao.org%2Femoji-regex%2Fdownload%2Femoji-regex-8.0.0.tgz#e818fd69ce5ccfcb404594f842963bf53164cc37"
  integrity sha1-6Bj9ac5cz8tARZT4QpY79TFkzDc=

enabled@2.0.x:
  version "2.0.0"
  resolved "https://registry.npm.taobao.org/enabled/download/enabled-2.0.0.tgz#f9dd92ec2d6f4bbc0d5d1e64e21d61cd4665e7c2"
  integrity sha1-+d2S7C1vS7wNXR5k4h1hzUZl58I=

env-paths@^2.2.0:
  version "2.2.0"
  resolved "https://registry.npm.taobao.org/env-paths/download/env-paths-2.2.0.tgz#cdca557dc009152917d6166e2febe1f039685e43"
  integrity sha1-zcpVfcAJFSkX1hZuL+vh8DloXkM=

escalade@^3.1.1:
  version "3.1.1"
  resolved "https://registry.npm.taobao.org/escalade/download/escalade-3.1.1.tgz?cache=0&sync_timestamp=1602567224085&other_urls=https%3A%2F%2Fregistry.npm.taobao.org%2Fescalade%2Fdownload%2Fescalade-3.1.1.tgz#d8cfdc7000965c5a0174b4a82eaa5c0552742e40"
  integrity sha1-2M/ccACWXFoBdLSoLqpcBVJ0LkA=

extend@~3.0.2:
  version "3.0.2"
  resolved "https://registry.npm.taobao.org/extend/download/extend-3.0.2.tgz?cache=0&sync_timestamp=1589682707348&other_urls=https%3A%2F%2Fregistry.npm.taobao.org%2Fextend%2Fdownload%2Fextend-3.0.2.tgz#f8b1136b4071fbd8eb140aff858b1019ec2915fa"
  integrity sha1-+LETa0Bx+9jrFAr/hYsQGewpFfo=

extsprintf@1.3.0:
  version "1.3.0"
  resolved "https://registry.npm.taobao.org/extsprintf/download/extsprintf-1.3.0.tgz#96918440e3041a7a414f8c52e3c574eb3c3e1e05"
  integrity sha1-lpGEQOMEGnpBT4xS48V06zw+HgU=

extsprintf@^1.2.0:
  version "1.4.0"
  resolved "https://registry.npm.taobao.org/extsprintf/download/extsprintf-1.4.0.tgz#e2689f8f356fad62cca65a3a91c5df5f9551692f"
  integrity sha1-4mifjzVvrWLMplo6kcXfX5VRaS8=

fast-deep-equal@^3.1.1:
  version "3.1.3"
  resolved "https://registry.npm.taobao.org/fast-deep-equal/download/fast-deep-equal-3.1.3.tgz#3a7d56b559d6cbc3eb512325244e619a65c6c525"
  integrity sha1-On1WtVnWy8PrUSMlJE5hmmXGxSU=

fast-json-stable-stringify@^2.0.0:
  version "2.1.0"
  resolved "https://registry.npm.taobao.org/fast-json-stable-stringify/download/fast-json-stable-stringify-2.1.0.tgz#874bf69c6f404c2b5d99c481341399fd55892633"
  integrity sha1-h0v2nG9ATCtdmcSBNBOZ/VWJJjM=

fast-safe-stringify@^2.0.4:
  version "2.0.7"
  resolved "https://registry.npm.taobao.org/fast-safe-stringify/download/fast-safe-stringify-2.0.7.tgz#124aa885899261f68aedb42a7c080de9da608743"
  integrity sha1-EkqohYmSYfaK7bQqfAgN6dpgh0M=

fecha@^4.2.0:
  version "4.2.0"
  resolved "https://registry.npm.taobao.org/fecha/download/fecha-4.2.0.tgz#3ffb6395453e3f3efff850404f0a59b6747f5f41"
  integrity sha1-P/tjlUU+Pz7/+FBATwpZtnR/X0E=

file-stream-rotator@^0.5.7:
  version "0.5.7"
  resolved "https://registry.npm.taobao.org/file-stream-rotator/download/file-stream-rotator-0.5.7.tgz#868a2e5966f7640a17dd86eda0e4467c089f6286"
  integrity sha1-hoouWWb3ZAoX3YbtoORGfAifYoY=
  dependencies:
    moment "^2.11.2"

find-up@^3.0.0:
  version "3.0.0"
  resolved "https://registry.npm.taobao.org/find-up/download/find-up-3.0.0.tgz?cache=0&sync_timestamp=1597169842138&other_urls=https%3A%2F%2Fregistry.npm.taobao.org%2Ffind-up%2Fdownload%2Ffind-up-3.0.0.tgz#49169f1d7993430646da61ecc5ae355c21c97b73"
  integrity sha1-SRafHXmTQwZG2mHsxa41XCHJe3M=
  dependencies:
    locate-path "^3.0.0"

fn.name@1.x.x:
  version "1.1.0"
  resolved "https://registry.npm.taobao.org/fn.name/download/fn.name-1.1.0.tgz#26cad8017967aea8731bc42961d04a3d5988accc"
  integrity sha1-JsrYAXlnrqhzG8QpYdBKPVmIrMw=

follow-redirects@^1.10.0:
  version "1.13.0"
  resolved "https://registry.npm.taobao.org/follow-redirects/download/follow-redirects-1.13.0.tgz?cache=0&sync_timestamp=1597057976909&other_urls=https%3A%2F%2Fregistry.npm.taobao.org%2Ffollow-redirects%2Fdownload%2Ffollow-redirects-1.13.0.tgz#b42e8d93a2a7eea5ed88633676d6597bc8e384db"
  integrity sha1-tC6Nk6Kn7qXtiGM2dtZZe8jjhNs=

forever-agent@~0.6.1:
  version "0.6.1"
  resolved "https://registry.npm.taobao.org/forever-agent/download/forever-agent-0.6.1.tgz#fbc71f0c41adeb37f96c577ad1ed42d8fdacca91"
  integrity sha1-+8cfDEGt6zf5bFd60e1C2P2sypE=

form-data@^3.0.0:
  version "3.0.0"
  resolved "https://registry.npm.taobao.org/form-data/download/form-data-3.0.0.tgz#31b7e39c85f1355b7139ee0c647cf0de7f83c682"
  integrity sha1-MbfjnIXxNVtxOe4MZHzw3n+DxoI=
  dependencies:
    asynckit "^0.4.0"
    combined-stream "^1.0.8"
    mime-types "^2.1.12"

form-data@~2.3.2:
  version "2.3.3"
  resolved "https://registry.npm.taobao.org/form-data/download/form-data-2.3.3.tgz#dcce52c05f644f298c6a7ab936bd724ceffbf3a6"
  integrity sha1-3M5SwF9kTymManq5Nr1yTO/786Y=
  dependencies:
    asynckit "^0.4.0"
    combined-stream "^1.0.6"
    mime-types "^2.1.12"

get-caller-file@^2.0.5:
  version "2.0.5"
  resolved "https://registry.npm.taobao.org/get-caller-file/download/get-caller-file-2.0.5.tgz#4f94412a82db32f36e3b0b9741f8a97feb031f7e"
  integrity sha1-T5RBKoLbMvNuOwuXQfipf+sDH34=

getpass@^0.1.1:
  version "0.1.7"
  resolved "https://registry.npm.taobao.org/getpass/download/getpass-0.1.7.tgz?cache=0&sync_timestamp=1589682745510&other_urls=https%3A%2F%2Fregistry.npm.taobao.org%2Fgetpass%2Fdownload%2Fgetpass-0.1.7.tgz#5eff8e3e684d569ae4cb2b1282604e8ba62149fa"
  integrity sha1-Xv+OPmhNVprkyysSgmBOi6YhSfo=
  dependencies:
    assert-plus "^1.0.0"

har-schema@^2.0.0:
  version "2.0.0"
  resolved "https://registry.npm.taobao.org/har-schema/download/har-schema-2.0.0.tgz#a94c2224ebcac04782a0d9035521f24735b7ec92"
  integrity sha1-qUwiJOvKwEeCoNkDVSHyRzW37JI=

har-validator@~5.1.3:
  version "5.1.5"
  resolved "https://registry.npm.taobao.org/har-validator/download/har-validator-5.1.5.tgz?cache=0&sync_timestamp=1596082584903&other_urls=https%3A%2F%2Fregistry.npm.taobao.org%2Fhar-validator%2Fdownload%2Fhar-validator-5.1.5.tgz#1f0803b9f8cb20c0fa13822df1ecddb36bde1efd"
  integrity sha1-HwgDufjLIMD6E4It8ezds2veHv0=
  dependencies:
    ajv "^6.12.3"
    har-schema "^2.0.0"

has-flag@^4.0.0:
  version "4.0.0"
  resolved "https://registry.npm.taobao.org/has-flag/download/has-flag-4.0.0.tgz#944771fd9c81c81265c4d6941860da06bb59479b"
  integrity sha1-lEdx/ZyByBJlxNaUGGDaBrtZR5s=

http-signature@~1.2.0:
  version "1.2.0"
  resolved "https://registry.npm.taobao.org/http-signature/download/http-signature-1.2.0.tgz?cache=0&sync_timestamp=1600868452638&other_urls=https%3A%2F%2Fregistry.npm.taobao.org%2Fhttp-signature%2Fdownload%2Fhttp-signature-1.2.0.tgz#9aecd925114772f3d95b65a60abb8f7c18fbace1"
  integrity sha1-muzZJRFHcvPZW2WmCruPfBj7rOE=
  dependencies:
    assert-plus "^1.0.0"
    jsprim "^1.2.2"
    sshpk "^1.7.0"

inherits@^2.0.3, inherits@~2.0.3:
  version "2.0.4"
  resolved "https://registry.npm.taobao.org/inherits/download/inherits-2.0.4.tgz#0fa2c64f932917c3433a0ded55363aae37416b7c"
  integrity sha1-D6LGT5MpF8NDOg3tVTY6rjdBa3w=

is-arrayish@^0.3.1:
  version "0.3.2"
  resolved "https://registry.npm.taobao.org/is-arrayish/download/is-arrayish-0.3.2.tgz#4574a2ae56f7ab206896fb431eaeed066fdf8f03"
  integrity sha1-RXSirlb3qyBolvtDHq7tBm/fjwM=

is-fullwidth-code-point@^3.0.0:
  version "3.0.0"
  resolved "https://registry.npm.taobao.org/is-fullwidth-code-point/download/is-fullwidth-code-point-3.0.0.tgz#f116f8064fe90b3f7844a38997c0b75051269f1d"
  integrity sha1-8Rb4Bk/pCz94RKOJl8C3UFEmnx0=

is-obj@^2.0.0:
  version "2.0.0"
  resolved "https://registry.npm.taobao.org/is-obj/download/is-obj-2.0.0.tgz#473fb05d973705e3fd9620545018ca8e22ef4982"
  integrity sha1-Rz+wXZc3BeP9liBUUBjKjiLvSYI=

is-stream@^2.0.0:
  version "2.0.0"
  resolved "https://registry.npm.taobao.org/is-stream/download/is-stream-2.0.0.tgz#bde9c32680d6fae04129d6ac9d921ce7815f78e3"
  integrity sha1-venDJoDW+uBBKdasnZIc54FfeOM=

is-typedarray@~1.0.0:
  version "1.0.0"
  resolved "https://registry.npm.taobao.org/is-typedarray/download/is-typedarray-1.0.0.tgz#e479c80858df0c1b11ddda6940f96011fcda4a9a"
  integrity sha1-5HnICFjfDBsR3dppQPlgEfzaSpo=

isarray@~1.0.0:
  version "1.0.0"
  resolved "https://registry.npm.taobao.org/isarray/download/isarray-1.0.0.tgz#bb935d48582cba168c06834957a54a3e07124f11"
  integrity sha1-u5NdSFgsuhaMBoNJV6VKPgcSTxE=

isstream@~0.1.2:
  version "0.1.2"
  resolved "https://registry.npm.taobao.org/isstream/download/isstream-0.1.2.tgz#47e63f7af55afa6f92e1500e690eb8b8529c099a"
  integrity sha1-R+Y/evVa+m+S4VAOaQ64uFKcCZo=

jsbn@~0.1.0:
  version "0.1.1"
  resolved "https://registry.npm.taobao.org/jsbn/download/jsbn-0.1.1.tgz?cache=0&sync_timestamp=1589682745609&other_urls=https%3A%2F%2Fregistry.npm.taobao.org%2Fjsbn%2Fdownload%2Fjsbn-0.1.1.tgz#a5e654c2e5a2deb5f201d96cefbca80c0ef2f513"
  integrity sha1-peZUwuWi3rXyAdls77yoDA7y9RM=

json-schema-traverse@^0.4.1:
  version "0.4.1"
  resolved "https://registry.npm.taobao.org/json-schema-traverse/download/json-schema-traverse-0.4.1.tgz?cache=0&sync_timestamp=1599333856086&other_urls=https%3A%2F%2Fregistry.npm.taobao.org%2Fjson-schema-traverse%2Fdownload%2Fjson-schema-traverse-0.4.1.tgz#69f6a87d9513ab8bb8fe63bdb0979c448e684660"
  integrity sha1-afaofZUTq4u4/mO9sJecRI5oRmA=

json-schema-typed@^7.0.3:
  version "7.0.3"
  resolved "https://registry.npm.taobao.org/json-schema-typed/download/json-schema-typed-7.0.3.tgz#23ff481b8b4eebcd2ca123b4fa0409e66469a2d9"
  integrity sha1-I/9IG4tO680soSO0+gQJ5mRpotk=

json-schema@0.2.3:
  version "0.2.3"
  resolved "https://registry.npm.taobao.org/json-schema/download/json-schema-0.2.3.tgz#b480c892e59a2f05954ce727bd3f2a4e882f9e13"
  integrity sha1-tIDIkuWaLwWVTOcnvT8qTogvnhM=

json-stringify-safe@~5.0.1:
  version "5.0.1"
  resolved "https://registry.npm.taobao.org/json-stringify-safe/download/json-stringify-safe-5.0.1.tgz?cache=0&sync_timestamp=1589682771374&other_urls=https%3A%2F%2Fregistry.npm.taobao.org%2Fjson-stringify-safe%2Fdownload%2Fjson-stringify-safe-5.0.1.tgz#1296a2d58fd45f19a0f6ce01d65701e2c735b6eb"
  integrity sha1-Epai1Y/UXxmg9s4B1lcB4sc1tus=

jsprim@^1.2.2:
  version "1.4.1"
  resolved "https://registry.npm.taobao.org/jsprim/download/jsprim-1.4.1.tgz#313e66bc1e5cc06e438bc1b7499c2e5c56acb6a2"
  integrity sha1-MT5mvB5cwG5Di8G3SZwuXFastqI=
  dependencies:
    assert-plus "1.0.0"
    extsprintf "1.3.0"
    json-schema "0.2.3"
    verror "1.10.0"

kleur@^3.0.3:
  version "3.0.3"
  resolved "https://registry.npm.taobao.org/kleur/download/kleur-3.0.3.tgz#a79c9ecc86ee1ce3fa6206d1216c501f147fc07e"
  integrity sha1-p5yezIbuHOP6YgbRIWxQHxR/wH4=

kuler@^2.0.0:
  version "2.0.0"
  resolved "https://registry.npm.taobao.org/kuler/download/kuler-2.0.0.tgz#e2c570a3800388fb44407e851531c1d670b061b3"
  integrity sha1-4sVwo4ADiPtEQH6FFTHB1nCwYbM=

locate-path@^3.0.0:
  version "3.0.0"
  resolved "https://registry.npm.taobao.org/locate-path/download/locate-path-3.0.0.tgz#dbec3b3ab759758071b58fe59fc41871af21400e"
  integrity sha1-2+w7OrdZdYBxtY/ln8QYca8hQA4=
  dependencies:
    p-locate "^3.0.0"
    path-exists "^3.0.0"

logform@^2.2.0:
  version "2.2.0"
  resolved "https://registry.npm.taobao.org/logform/download/logform-2.2.0.tgz?cache=0&sync_timestamp=1592729921183&other_urls=https%3A%2F%2Fregistry.npm.taobao.org%2Flogform%2Fdownload%2Flogform-2.2.0.tgz#40f036d19161fc76b68ab50fdc7fe495544492f2"
  integrity sha1-QPA20ZFh/Ha2irUP3H/klVREkvI=
  dependencies:
    colors "^1.2.1"
    fast-safe-stringify "^2.0.4"
    fecha "^4.2.0"
    ms "^2.1.1"
    triple-beam "^1.3.0"

make-dir@^3.1.0:
  version "3.1.0"
  resolved "https://registry.npm.taobao.org/make-dir/download/make-dir-3.1.0.tgz#415e967046b3a7f1d185277d84aa58203726a13f"
  integrity sha1-QV6WcEazp/HRhSd9hKpYIDcmoT8=
  dependencies:
    semver "^6.0.0"

mime-db@1.44.0:
  version "1.44.0"
  resolved "https://registry.npm.taobao.org/mime-db/download/mime-db-1.44.0.tgz?cache=0&sync_timestamp=1600831210195&other_urls=https%3A%2F%2Fregistry.npm.taobao.org%2Fmime-db%2Fdownload%2Fmime-db-1.44.0.tgz#fa11c5eb0aca1334b4233cb4d52f10c5a6272f92"
  integrity sha1-+hHF6wrKEzS0Izy01S8QxaYnL5I=

mime-types@^2.1.12, mime-types@^2.1.24, mime-types@~2.1.19:
  version "2.1.27"
  resolved "https://registry.npm.taobao.org/mime-types/download/mime-types-2.1.27.tgz?cache=0&sync_timestamp=1589682770020&other_urls=https%3A%2F%2Fregistry.npm.taobao.org%2Fmime-types%2Fdownload%2Fmime-types-2.1.27.tgz#47949f98e279ea53119f5722e0f34e529bec009f"
  integrity sha1-R5SfmOJ56lMRn1ci4PNOUpvsAJ8=
  dependencies:
    mime-db "1.44.0"

mimic-fn@^2.1.0:
  version "2.1.0"
  resolved "https://registry.npm.taobao.org/mimic-fn/download/mimic-fn-2.1.0.tgz?cache=0&sync_timestamp=1596095644798&other_urls=https%3A%2F%2Fregistry.npm.taobao.org%2Fmimic-fn%2Fdownload%2Fmimic-fn-2.1.0.tgz#7ed2c2ccccaf84d3ffcb7a69b57711fc2083401b"
  integrity sha1-ftLCzMyvhNP/y3pptXcR/CCDQBs=

mimic-fn@^3.0.0:
  version "3.1.0"
  resolved "https://registry.npm.taobao.org/mimic-fn/download/mimic-fn-3.1.0.tgz?cache=0&sync_timestamp=1596095644798&other_urls=https%3A%2F%2Fregistry.npm.taobao.org%2Fmimic-fn%2Fdownload%2Fmimic-fn-3.1.0.tgz#65755145bbf3e36954b949c16450427451d5ca74"
  integrity sha1-ZXVRRbvz42lUuUnBZFBCdFHVynQ=

moment@^2.11.2:
  version "2.29.1"
  resolved "https://registry.npm.taobao.org/moment/download/moment-2.29.1.tgz#b2be769fa31940be9eeea6469c075e35006fa3d3"
  integrity sha1-sr52n6MZQL6e7qZGnAdeNQBvo9M=

ms@^2.1.1:
  version "2.1.2"
  resolved "https://registry.npm.taobao.org/ms/download/ms-2.1.2.tgz#d09d1f357b443f493382a8eb3ccd183872ae6009"
  integrity sha1-0J0fNXtEP0kzgqjrPM0YOHKuYAk=

oauth-sign@~0.9.0:
  version "0.9.0"
  resolved "https://registry.npm.taobao.org/oauth-sign/download/oauth-sign-0.9.0.tgz?cache=0&sync_timestamp=1589682811909&other_urls=https%3A%2F%2Fregistry.npm.taobao.org%2Foauth-sign%2Fdownload%2Foauth-sign-0.9.0.tgz#47a7b016baa68b5fa0ecf3dee08a85c679ac6455"
  integrity sha1-R6ewFrqmi1+g7PPe4IqFxnmsZFU=

object-hash@^2.0.1:
  version "2.0.3"
  resolved "https://registry.npm.taobao.org/object-hash/download/object-hash-2.0.3.tgz#d12db044e03cd2ca3d77c0570d87225b02e1e6ea"
  integrity sha1-0S2wROA80so9d8BXDYciWwLh5uo=

one-time@^1.0.0:
  version "1.0.0"
  resolved "https://registry.npm.taobao.org/one-time/download/one-time-1.0.0.tgz#e06bc174aed214ed58edede573b433bbf827cb45"
  integrity sha1-4GvBdK7SFO1Y7e3lc7Qzu/gny0U=
  dependencies:
    fn.name "1.x.x"

onetime@^5.1.0:
  version "5.1.2"
  resolved "https://registry.npm.taobao.org/onetime/download/onetime-5.1.2.tgz?cache=0&sync_timestamp=1597005345612&other_urls=https%3A%2F%2Fregistry.npm.taobao.org%2Fonetime%2Fdownload%2Fonetime-5.1.2.tgz#d0e96ebb56b07476df1dd9c4806e5237985ca45e"
  integrity sha1-0Oluu1awdHbfHdnEgG5SN5hcpF4=
  dependencies:
    mimic-fn "^2.1.0"

p-limit@^2.0.0:
  version "2.3.0"
  resolved "https://registry.npm.taobao.org/p-limit/download/p-limit-2.3.0.tgz#3dd33c647a214fdfffd835933eb086da0dc21db1"
  integrity sha1-PdM8ZHohT9//2DWTPrCG2g3CHbE=
  dependencies:
    p-try "^2.0.0"

p-locate@^3.0.0:
  version "3.0.0"
  resolved "https://registry.npm.taobao.org/p-locate/download/p-locate-3.0.0.tgz#322d69a05c0264b25997d9f40cd8a891ab0064a4"
  integrity sha1-Mi1poFwCZLJZl9n0DNiokasAZKQ=
  dependencies:
    p-limit "^2.0.0"

p-try@^2.0.0:
  version "2.2.0"
  resolved "https://registry.npm.taobao.org/p-try/download/p-try-2.2.0.tgz#cb2868540e313d61de58fafbe35ce9004d5540e6"
  integrity sha1-yyhoVA4xPWHeWPr741zpAE1VQOY=

path-exists@^3.0.0:
  version "3.0.0"
  resolved "https://registry.npm.taobao.org/path-exists/download/path-exists-3.0.0.tgz#ce0ebeaa5f78cb18925ea7d810d7b59b010fd515"
  integrity sha1-zg6+ql94yxiSXqfYENe1mwEP1RU=

performance-now@^2.1.0:
  version "2.1.0"
  resolved "https://registry.npm.taobao.org/performance-now/download/performance-now-2.1.0.tgz#6309f4e0e5fa913ec1c69307ae364b4b377c9e7b"
  integrity sha1-Ywn04OX6kT7BxpMHrjZLSzd8nns=

pkg-up@^3.1.0:
  version "3.1.0"
  resolved "https://registry.npm.taobao.org/pkg-up/download/pkg-up-3.1.0.tgz?cache=0&sync_timestamp=1589682752621&other_urls=https%3A%2F%2Fregistry.npm.taobao.org%2Fpkg-up%2Fdownload%2Fpkg-up-3.1.0.tgz#100ec235cc150e4fd42519412596a28512a0def5"
  integrity sha1-EA7CNcwVDk/UJRlBJZaihRKg3vU=
  dependencies:
    find-up "^3.0.0"

process-nextick-args@~2.0.0:
  version "2.0.1"
  resolved "https://registry.npm.taobao.org/process-nextick-args/download/process-nextick-args-2.0.1.tgz#7820d9b16120cc55ca9ae7792680ae7dba6d7fe2"
  integrity sha1-eCDZsWEgzFXKmud5JoCufbptf+I=

progress@^2.0.3:
  version "2.0.3"
  resolved "https://registry.npm.taobao.org/progress/download/progress-2.0.3.tgz#7e8cf8d8f5b8f239c1bc68beb4eb78567d572ef8"
  integrity sha1-foz42PW48jnBvGi+tOt4Vn1XLvg=

prompts@^2.3.2:
  version "2.4.0"
  resolved "https://registry.npm.taobao.org/prompts/download/prompts-2.4.0.tgz?cache=0&sync_timestamp=1603716651286&other_urls=https%3A%2F%2Fregistry.npm.taobao.org%2Fprompts%2Fdownload%2Fprompts-2.4.0.tgz#4aa5de0723a231d1ee9121c40fdf663df73f61d7"
  integrity sha1-SqXeByOiMdHukSHED99mPfc/Ydc=
  dependencies:
    kleur "^3.0.3"
    sisteransi "^1.0.5"

psl@^1.1.28:
  version "1.8.0"
  resolved "https://registry.npm.taobao.org/psl/download/psl-1.8.0.tgz#9326f8bcfb013adcc005fdff056acce020e51c24"
  integrity sha1-kyb4vPsBOtzABf3/BWrM4CDlHCQ=

punycode@^2.1.0, punycode@^2.1.1:
  version "2.1.1"
  resolved "https://registry.npm.taobao.org/punycode/download/punycode-2.1.1.tgz?cache=0&sync_timestamp=1589682803838&other_urls=https%3A%2F%2Fregistry.npm.taobao.org%2Fpunycode%2Fdownload%2Fpunycode-2.1.1.tgz#b58b010ac40c22c5657616c8d2c2c02c7bf479ec"
  integrity sha1-tYsBCsQMIsVldhbI0sLALHv0eew=

qs@~6.5.2:
  version "6.5.2"
  resolved "https://registry.npm.taobao.org/qs/download/qs-6.5.2.tgz#cb3ae806e8740444584ef154ce8ee98d403f3e36"
  integrity sha1-yzroBuh0BERYTvFUzo7pjUA/PjY=

readable-stream@^2.3.7:
  version "2.3.7"
  resolved "https://registry.npm.taobao.org/readable-stream/download/readable-stream-2.3.7.tgz?cache=0&sync_timestamp=1589682741447&other_urls=https%3A%2F%2Fregistry.npm.taobao.org%2Freadable-stream%2Fdownload%2Freadable-stream-2.3.7.tgz#1eca1cf711aef814c04f62252a36a62f6cb23b57"
  integrity sha1-Hsoc9xGu+BTAT2IlKjamL2yyO1c=
  dependencies:
    core-util-is "~1.0.0"
    inherits "~2.0.3"
    isarray "~1.0.0"
    process-nextick-args "~2.0.0"
    safe-buffer "~5.1.1"
    string_decoder "~1.1.1"
    util-deprecate "~1.0.1"

readable-stream@^3.4.0:
  version "3.6.0"
  resolved "https://registry.npm.taobao.org/readable-stream/download/readable-stream-3.6.0.tgz?cache=0&sync_timestamp=1589682741447&other_urls=https%3A%2F%2Fregistry.npm.taobao.org%2Freadable-stream%2Fdownload%2Freadable-stream-3.6.0.tgz#337bbda3adc0706bd3e024426a286d4b4b2c9198"
  integrity sha1-M3u9o63AcGvT4CRCaihtS0sskZg=
  dependencies:
    inherits "^2.0.3"
    string_decoder "^1.1.1"
    util-deprecate "^1.0.1"

request@^2.88.0:
  version "2.88.2"
  resolved "https://registry.npm.taobao.org/request/download/request-2.88.2.tgz?cache=0&sync_timestamp=1589682741998&other_urls=https%3A%2F%2Fregistry.npm.taobao.org%2Frequest%2Fdownload%2Frequest-2.88.2.tgz#d73c918731cb5a87da047e207234146f664d12b3"
  integrity sha1-1zyRhzHLWofaBH4gcjQUb2ZNErM=
  dependencies:
    aws-sign2 "~0.7.0"
    aws4 "^1.8.0"
    caseless "~0.12.0"
    combined-stream "~1.0.6"
    extend "~3.0.2"
    forever-agent "~0.6.1"
    form-data "~2.3.2"
    har-validator "~5.1.3"
    http-signature "~1.2.0"
    is-typedarray "~1.0.0"
    isstream "~0.1.2"
    json-stringify-safe "~5.0.1"
    mime-types "~2.1.19"
    oauth-sign "~0.9.0"
    performance-now "^2.1.0"
    qs "~6.5.2"
    safe-buffer "^5.1.2"
    tough-cookie "~2.5.0"
    tunnel-agent "^0.6.0"
    uuid "^3.3.2"

require-directory@^2.1.1:
  version "2.1.1"
  resolved "https://registry.npm.taobao.org/require-directory/download/require-directory-2.1.1.tgz#8c64ad5fd30dab1c976e2344ffe7f792a6a6df42"
  integrity sha1-jGStX9MNqxyXbiNE/+f3kqam30I=

safe-buffer@^5.0.1, safe-buffer@^5.1.2, safe-buffer@~5.2.0:
  version "5.2.1"
  resolved "https://registry.npm.taobao.org/safe-buffer/download/safe-buffer-5.2.1.tgz?cache=0&sync_timestamp=1589682795646&other_urls=https%3A%2F%2Fregistry.npm.taobao.org%2Fsafe-buffer%2Fdownload%2Fsafe-buffer-5.2.1.tgz#1eaf9fa9bdb1fdd4ec75f58f9cdb4e6b7827eec6"
  integrity sha1-Hq+fqb2x/dTsdfWPnNtOa3gn7sY=

safe-buffer@~5.1.0, safe-buffer@~5.1.1:
  version "5.1.2"
  resolved "https://registry.npm.taobao.org/safe-buffer/download/safe-buffer-5.1.2.tgz?cache=0&sync_timestamp=1589682795646&other_urls=https%3A%2F%2Fregistry.npm.taobao.org%2Fsafe-buffer%2Fdownload%2Fsafe-buffer-5.1.2.tgz#991ec69d296e0313747d59bdfd2b745c35f8828d"
  integrity sha1-mR7GnSluAxN0fVm9/St0XDX4go0=

safer-buffer@^2.0.2, safer-buffer@^2.1.0, safer-buffer@~2.1.0:
  version "2.1.2"
  resolved "https://registry.npm.taobao.org/safer-buffer/download/safer-buffer-2.1.2.tgz?cache=0&sync_timestamp=1589682784154&other_urls=https%3A%2F%2Fregistry.npm.taobao.org%2Fsafer-buffer%2Fdownload%2Fsafer-buffer-2.1.2.tgz#44fa161b0187b9549dd84bb91802f9bd8385cd6a"
  integrity sha1-RPoWGwGHuVSd2Eu5GAL5vYOFzWo=

sax@>=0.6.0:
  version "1.2.4"
  resolved "https://registry.npm.taobao.org/sax/download/sax-1.2.4.tgz#2816234e2378bddc4e5354fab5caa895df7100d9"
  integrity sha1-KBYjTiN4vdxOU1T6tcqold9xANk=

semver@^6.0.0:
  version "6.3.0"
  resolved "https://registry.npm.taobao.org/semver/download/semver-6.3.0.tgz?cache=0&sync_timestamp=1589682805026&other_urls=https%3A%2F%2Fregistry.npm.taobao.org%2Fsemver%2Fdownload%2Fsemver-6.3.0.tgz#ee0a64c8af5e8ceea67687b133761e1becbd1d3d"
  integrity sha1-7gpkyK9ejO6mdoexM3YeG+y9HT0=

semver@^7.3.2:
  version "7.3.2"
  resolved "https://registry.npm.taobao.org/semver/download/semver-7.3.2.tgz?cache=0&sync_timestamp=1589682805026&other_urls=https%3A%2F%2Fregistry.npm.taobao.org%2Fsemver%2Fdownload%2Fsemver-7.3.2.tgz#604962b052b81ed0786aae84389ffba70ffd3938"
  integrity sha1-YElisFK4HtB4aq6EOJ/7pw/9OTg=

simple-swizzle@^0.2.2:
  version "0.2.2"
  resolved "https://registry.npm.taobao.org/simple-swizzle/download/simple-swizzle-0.2.2.tgz#a4da6b635ffcccca33f70d17cb92592de95e557a"
  integrity sha1-pNprY1/8zMoz9w0Xy5JZLeleVXo=
  dependencies:
    is-arrayish "^0.3.1"

sisteransi@^1.0.5:
  version "1.0.5"
  resolved "https://registry.npm.taobao.org/sisteransi/download/sisteransi-1.0.5.tgz#134d681297756437cc05ca01370d3a7a571075ed"
  integrity sha1-E01oEpd1ZDfMBcoBNw06elcQde0=

sshpk@^1.7.0:
  version "1.16.1"
  resolved "https://registry.npm.taobao.org/sshpk/download/sshpk-1.16.1.tgz#fb661c0bef29b39db40769ee39fa70093d6f6877"
  integrity sha1-+2YcC+8ps520B2nuOfpwCT1vaHc=
  dependencies:
    asn1 "~0.2.3"
    assert-plus "^1.0.0"
    bcrypt-pbkdf "^1.0.0"
    dashdash "^1.12.0"
    ecc-jsbn "~0.1.1"
    getpass "^0.1.1"
    jsbn "~0.1.0"
    safer-buffer "^2.0.2"
    tweetnacl "~0.14.0"

stack-trace@0.0.x:
  version "0.0.10"
  resolved "https://registry.npm.taobao.org/stack-trace/download/stack-trace-0.0.10.tgz#547c70b347e8d32b4e108ea1a2a159e5fdde19c0"
  integrity sha1-VHxws0fo0ytOEI6hoqFZ5f3eGcA=

string-width@^4.1.0, string-width@^4.2.0:
  version "4.2.0"
  resolved "https://registry.npm.taobao.org/string-width/download/string-width-4.2.0.tgz#952182c46cc7b2c313d1596e623992bd163b72b5"
  integrity sha1-lSGCxGzHssMT0VluYjmSvRY7crU=
  dependencies:
    emoji-regex "^8.0.0"
    is-fullwidth-code-point "^3.0.0"
    strip-ansi "^6.0.0"

string_decoder@^1.1.1:
  version "1.3.0"
  resolved "https://registry.npm.taobao.org/string_decoder/download/string_decoder-1.3.0.tgz#42f114594a46cf1a8e30b0a84f56c78c3edac21e"
  integrity sha1-QvEUWUpGzxqOMLCoT1bHjD7awh4=
  dependencies:
    safe-buffer "~5.2.0"

string_decoder@~1.1.1:
  version "1.1.1"
  resolved "https://registry.npm.taobao.org/string_decoder/download/string_decoder-1.1.1.tgz#9cf1611ba62685d7030ae9e4ba34149c3af03fc8"
  integrity sha1-nPFhG6YmhdcDCunkujQUnDrwP8g=
  dependencies:
    safe-buffer "~5.1.0"

strip-ansi@^6.0.0:
  version "6.0.0"
  resolved "https://registry.npm.taobao.org/strip-ansi/download/strip-ansi-6.0.0.tgz?cache=0&sync_timestamp=1589682795383&other_urls=https%3A%2F%2Fregistry.npm.taobao.org%2Fstrip-ansi%2Fdownload%2Fstrip-ansi-6.0.0.tgz#0b1571dd7669ccd4f3e06e14ef1eed26225ae532"
  integrity sha1-CxVx3XZpzNTz4G4U7x7tJiJa5TI=
  dependencies:
    ansi-regex "^5.0.0"

supports-color@^7.1.0:
  version "7.2.0"
  resolved "https://registry.npm.taobao.org/supports-color/download/supports-color-7.2.0.tgz?cache=0&sync_timestamp=1598611709087&other_urls=https%3A%2F%2Fregistry.npm.taobao.org%2Fsupports-color%2Fdownload%2Fsupports-color-7.2.0.tgz#1b7dcdcb32b8138801b3e478ba6a51caa89648da"
  integrity sha1-G33NyzK4E4gBs+R4umpRyqiWSNo=
  dependencies:
    has-flag "^4.0.0"

text-hex@1.0.x:
  version "1.0.0"
  resolved "https://registry.npm.taobao.org/text-hex/download/text-hex-1.0.0.tgz#69dc9c1b17446ee79a92bf5b884bb4b9127506f5"
  integrity sha1-adycGxdEbueakr9biEu0uRJ1BvU=

tough-cookie@~2.5.0:
  version "2.5.0"
  resolved "https://registry.npm.taobao.org/tough-cookie/download/tough-cookie-2.5.0.tgz?cache=0&other_urls=https%3A%2F%2Fregistry.npm.taobao.org%2Ftough-cookie%2Fdownload%2Ftough-cookie-2.5.0.tgz#cd9fb2a0aa1d5a12b473bd9fb96fa3dcff65ade2"
  integrity sha1-zZ+yoKodWhK0c72fuW+j3P9lreI=
  dependencies:
    psl "^1.1.28"
    punycode "^2.1.1"

triple-beam@^1.2.0, triple-beam@^1.3.0:
  version "1.3.0"
  resolved "https://registry.npm.taobao.org/triple-beam/download/triple-beam-1.3.0.tgz#a595214c7298db8339eeeee083e4d10bd8cb8dd9"
  integrity sha1-pZUhTHKY24M57u7gg+TRC9jLjdk=

tunnel-agent@^0.6.0:
  version "0.6.0"
  resolved "https://registry.npm.taobao.org/tunnel-agent/download/tunnel-agent-0.6.0.tgz#27a5dea06b36b04a0a9966774b290868f0fc40fd"
  integrity sha1-J6XeoGs2sEoKmWZ3SykIaPD8QP0=
  dependencies:
    safe-buffer "^5.0.1"

tweetnacl@^0.14.3, tweetnacl@~0.14.0:
  version "0.14.5"
  resolved "https://registry.npm.taobao.org/tweetnacl/download/tweetnacl-0.14.5.tgz?cache=0&sync_timestamp=1589682745749&other_urls=https%3A%2F%2Fregistry.npm.taobao.org%2Ftweetnacl%2Fdownload%2Ftweetnacl-0.14.5.tgz#5ae68177f192d4456269d108afa93ff8743f4f64"
  integrity sha1-WuaBd/GS1EViadEIr6k/+HQ/T2Q=

uri-js@^4.2.2:
  version "4.4.0"
  resolved "https://registry.npm.taobao.org/uri-js/download/uri-js-4.4.0.tgz#aa714261de793e8a82347a7bcc9ce74e86f28602"
  integrity sha1-qnFCYd55PoqCNHp7zJznTobyhgI=
  dependencies:
    punycode "^2.1.0"

util-deprecate@^1.0.1, util-deprecate@~1.0.1:
  version "1.0.2"
  resolved "https://registry.npm.taobao.org/util-deprecate/download/util-deprecate-1.0.2.tgz#450d4dc9fa70de732762fbd2d4a28981419a0ccf"
  integrity sha1-RQ1Nyfpw3nMnYvvS1KKJgUGaDM8=

uuid@^3.3.2:
  version "3.4.0"
  resolved "https://registry.npm.taobao.org/uuid/download/uuid-3.4.0.tgz#b23e4358afa8a202fe7a100af1f5f883f02007ee"
  integrity sha1-sj5DWK+oogL+ehAK8fX4g/AgB+4=

verror@1.10.0:
  version "1.10.0"
  resolved "https://registry.npm.taobao.org/verror/download/verror-1.10.0.tgz#3a105ca17053af55d6e270c1f8288682e18da400"
  integrity sha1-OhBcoXBTr1XW4nDB+CiGguGNpAA=
  dependencies:
    assert-plus "^1.0.0"
    core-util-is "1.0.2"
    extsprintf "^1.2.0"

winston-daily-rotate-file@^4.5.0:
  version "4.5.0"
  resolved "https://registry.npm.taobao.org/winston-daily-rotate-file/download/winston-daily-rotate-file-4.5.0.tgz#3914ac57c4bdae1138170bec85af0c2217b253b1"
  integrity sha1-ORSsV8S9rhE4Fwvsha8MIheyU7E=
  dependencies:
    file-stream-rotator "^0.5.7"
    object-hash "^2.0.1"
    triple-beam "^1.3.0"
    winston-transport "^4.2.0"

winston-transport@^4.2.0, winston-transport@^4.4.0:
  version "4.4.0"
  resolved "https://registry.npm.taobao.org/winston-transport/download/winston-transport-4.4.0.tgz#17af518daa690d5b2ecccaa7acf7b20ca7925e59"
  integrity sha1-F69RjappDVsuzMqnrPeyDKeSXlk=
  dependencies:
    readable-stream "^2.3.7"
    triple-beam "^1.2.0"

winston@^3.3.3:
  version "3.3.3"
  resolved "https://registry.npm.taobao.org/winston/download/winston-3.3.3.tgz#ae6172042cafb29786afa3d09c8ff833ab7c9170"
  integrity sha1-rmFyBCyvspeGr6PQnI/4M6t8kXA=
  dependencies:
    "@dabh/diagnostics" "^2.0.2"
    async "^3.1.0"
    is-stream "^2.0.0"
    logform "^2.2.0"
    one-time "^1.0.0"
    readable-stream "^3.4.0"
    stack-trace "0.0.x"
    triple-beam "^1.3.0"
    winston-transport "^4.4.0"

wrap-ansi@^7.0.0:
  version "7.0.0"
  resolved "https://registry.npm.taobao.org/wrap-ansi/download/wrap-ansi-7.0.0.tgz#67e145cff510a6a6984bdf1152911d69d2eb9e43"
  integrity sha1-Z+FFz/UQpqaYS98RUpEdadLrnkM=
  dependencies:
    ansi-styles "^4.0.0"
    string-width "^4.1.0"
    strip-ansi "^6.0.0"

xml2js@^0.4.19:
  version "0.4.23"
  resolved "https://registry.npm.taobao.org/xml2js/download/xml2js-0.4.23.tgz#a0c69516752421eb2ac758ee4d4ccf58843eac66"
  integrity sha1-oMaVFnUkIesqx1juTUzPWIQ+rGY=
  dependencies:
    sax ">=0.6.0"
    xmlbuilder "~11.0.0"

xmlbuilder@~11.0.0:
  version "11.0.1"
  resolved "https://registry.npm.taobao.org/xmlbuilder/download/xmlbuilder-11.0.1.tgz#be9bae1c8a046e76b31127726347d0ad7002beb3"
  integrity sha1-vpuuHIoEbnazESdyY0fQrXACvrM=

y18n@^5.0.2:
  version "5.0.5"
  resolved "https://registry.npm.taobao.org/y18n/download/y18n-5.0.5.tgz?cache=0&sync_timestamp=1603637417853&other_urls=https%3A%2F%2Fregistry.npm.taobao.org%2Fy18n%2Fdownload%2Fy18n-5.0.5.tgz#8769ec08d03b1ea2df2500acef561743bbb9ab18"
  integrity sha1-h2nsCNA7HqLfJQCs71YXQ7u5qxg=

yargs-parser@^20.2.2:
  version "20.2.3"
  resolved "https://registry.npm.taobao.org/yargs-parser/download/yargs-parser-20.2.3.tgz?cache=0&sync_timestamp=1602861397132&other_urls=https%3A%2F%2Fregistry.npm.taobao.org%2Fyargs-parser%2Fdownload%2Fyargs-parser-20.2.3.tgz#92419ba867b858c868acf8bae9bf74af0dd0ce26"
  integrity sha1-kkGbqGe4WMhorPi66b90rw3QziY=

yargs@^16.0.3:
  version "16.1.0"
  resolved "https://registry.npm.taobao.org/yargs/download/yargs-16.1.0.tgz?cache=0&sync_timestamp=1602805561021&other_urls=https%3A%2F%2Fregistry.npm.taobao.org%2Fyargs%2Fdownload%2Fyargs-16.1.0.tgz#fc333fe4791660eace5a894b39d42f851cd48f2a"
  integrity sha1-/DM/5HkWYOrOWolLOdQvhRzUjyo=
  dependencies:
    cliui "^7.0.2"
    escalade "^3.1.1"
    get-caller-file "^2.0.5"
    require-directory "^2.1.1"
    string-width "^4.2.0"
    y18n "^5.0.2"
    yargs-parser "^20.2.2"
